
Microsoft Visual Studio Solution File, Format Version 12.00
# Visual Studio Version 17
VisualStudioVersion = 17.4.33213.308
MinimumVisualStudioVersion = 10.0.40219.1
Project("{9A19103F-16F7-4668-BE54-9A1E7A4F7556}") = "KafkaServices.Kafka", "KafkaServices.Kafka\KafkaServices.Kafka.csproj", "{32FC49B0-82F6-484B-8A31-F0FC3CBE946B}"
EndProject
Project("{FAE04EC0-301F-11D3-BF4B-00C04F79EFBC}") = "KafkaServices.Api", "KafkaServices.Api\KafkaServices.Api.csproj", "{4C75B85F-A43B-422D-B8FA-560050972022}"
EndProject
Global
	GlobalSection(SolutionConfigurationPlatforms) = preSolution
		Debug|Any CPU = Debug|Any CPU
		Release|Any CPU = Release|Any CPU
	EndGlobalSection
	GlobalSection(ProjectConfigurationPlatforms) = postSolution
		{32FC49B0-82F6-484B-8A31-F0FC3CBE946B}.Debug|Any CPU.ActiveCfg = Debug|Any CPU
		{32FC49B0-82F6-484B-8A31-F0FC3CBE946B}.Debug|Any CPU.Build.0 = Debug|Any CPU
		{32FC49B0-82F6-484B-8A31-F0FC3CBE946B}.Release|Any CPU.ActiveCfg = Release|Any CPU
		{32FC49B0-82F6-484B-8A31-F0FC3CBE946B}.Release|Any CPU.Build.0 = Release|Any CPU
		{4C75B85F-A43B-422D-B8FA-560050972022}.Debug|Any CPU.ActiveCfg = Debug|Any CPU
		{4C75B85F-A43B-422D-B8FA-560050972022}.Debug|Any CPU.Build.0 = Debug|Any CPU
		{4C75B85F-A43B-422D-B8FA-560050972022}.Release|Any CPU.ActiveCfg = Release|Any CPU
		{4C75B85F-A43B-422D-B8FA-560050972022}.Release|Any CPU.Build.0 = Release|Any CPU
	EndGlobalSection
	GlobalSection(SolutionProperties) = preSolution
		HideSolutionNode = FALSE
	EndGlobalSection
	GlobalSection(ExtensibilityGlobals) = postSolution
		SolutionGuid = {2CE5F57D-459E-44EC-921A-166AFB9B01DC}
	EndGlobalSection
EndGlobal
